# This file is autogenerated, do not edit; changes may be undone by the next 'dep ensure'.


[[projects]]
  branch = "master"
  name = "code.cloudfoundry.org/clock"
  packages = ["."]
  revision = "e9dc86bbf0e5bbe6bf7ff5a6f71e048959b61f71"

[[projects]]
  name = "github.com/Microsoft/ApplicationInsights-Go"
  packages = ["appinsights"]
  revision = "98ac7ca026c26818888600ea0d966987aa56f043"

[[projects]]
  name = "github.com/jjcollinge/logrus-appinsights"
  packages = ["."]
  revision = "66656fe507b3cd8536c90c876902af486c828192"

[[projects]]
  name = "github.com/sirupsen/logrus"
  packages = ["."]
  revision = "d682213848ed68c0a260ca37d6dd5ace8423f5ba"
  version = "v1.0.4"

[[projects]]
  branch = "master"
  name = "golang.org/x/crypto"
  packages = ["ssh/terminal"]
  revision = "0efb9460aaf800c6376acf625be2853bceac2e06"

[[projects]]
  branch = "master"
  name = "golang.org/x/sys"
  packages = [
    "unix",
    "windows"
  ]
  revision = "03467258950d845cd1877eab69461b98e8c09219"

[solve-meta]
  analyzer-name = "dep"
  analyzer-version = 1
  inputs-digest = "c8dd5d2e1487e1842eb3c246d7640251b6552082939098736dae47f0a0a34cfa"
  solver-name = "gps-cdcl"
  solver-version = 1
